
Microsoft Visual Studio Solution File, Format Version 12.00
# Visual Studio 15
VisualStudioVersion = 15.0.27004.2002
MinimumVisualStudioVersion = 10.0.40219.1
Project("{FAE04EC0-301F-11D3-BF4B-00C04F79EFBC}") = "Lab_8", "Lab_8\Lab_8.csproj", "{96D7F274-360F-4D99-A4DE-66BF4F78A25B}"
EndProject
Global
	GlobalSection(SolutionConfigurationPlatforms) = preSolution
		Debug|Any CPU = Debug|Any CPU
		Release|Any CPU = Release|Any CPU
	EndGlobalSection
	GlobalSection(ProjectConfigurationPlatforms) = postSolution
		{96D7F274-360F-4D99-A4DE-66BF4F78A25B}.Debug|Any CPU.ActiveCfg = Debug|Any CPU
		{96D7F274-360F-4D99-A4DE-66BF4F78A25B}.Debug|Any CPU.Build.0 = Debug|Any CPU
		{96D7F274-360F-4D99-A4DE-66BF4F78A25B}.Release|Any CPU.ActiveCfg = Release|Any CPU
		{96D7F274-360F-4D99-A4DE-66BF4F78A25B}.Release|Any CPU.Build.0 = Release|Any CPU
	EndGlobalSection
	GlobalSection(SolutionProperties) = preSolution
		HideSolutionNode = FALSE
	EndGlobalSection
	GlobalSection(ExtensibilityGlobals) = postSolution
		SolutionGuid = {376696EB-B075-4FC6-8318-544CC7B7F761}
	EndGlobalSection
EndGlobal
